// !$*UTF8*$!
{
	archiveVersion = 1;
	classes = {
	};
	objectVersion = 46;
	objects = {

/* Begin PBXBuildFile section */
		F826C4421907B2EA003FECE7 /* Foundation.framework in Frameworks */ = {isa = PBXBuildFile; fileRef = F826C4411907B2EA003FECE7 /* Foundation.framework */; };
		F826C4441907B2EA003FECE7 /* CoreGraphics.framework in Frameworks */ = {isa = PBXBuildFile; fileRef = F826C4431907B2EA003FECE7 /* CoreGraphics.framework */; };
		F826C4461907B2EA003FECE7 /* UIKit.framework in Frameworks */ = {isa = PBXBuildFile; fileRef = F826C4451907B2EA003FECE7 /* UIKit.framework */; };
		F826C44C1907B2EA003FECE7 /* InfoPlist.strings in Resources */ = {isa = PBXBuildFile; fileRef = F826C44A1907B2EA003FECE7 /* InfoPlist.strings */; };
		F826C44E1907B2EA003FECE7 /* main.m in Sources */ = {isa = PBXBuildFile; fileRef = F826C44D1907B2EA003FECE7 /* main.m */; };
		F826C4521907B2EA003FECE7 /* AppDelegate.m in Sources */ = {isa = PBXBuildFile; fileRef = F826C4511907B2EA003FECE7 /* AppDelegate.m */; };
		F826C4541907B2EA003FECE7 /* Images.xcassets in Resources */ = {isa = PBXBuildFile; fileRef = F826C4531907B2EA003FECE7 /* Images.xcassets */; };
		F826C45B1907B2EA003FECE7 /* XCTest.framework in Frameworks */ = {isa = PBXBuildFile; fileRef = F826C45A1907B2EA003FECE7 /* XCTest.framework */; };
		F826C45C1907B2EA003FECE7 /* Foundation.framework in Frameworks */ = {isa = PBXBuildFile; fileRef = F826C4411907B2EA003FECE7 /* Foundation.framework */; };
		F826C45D1907B2EA003FECE7 /* UIKit.framework in Frameworks */ = {isa = PBXBuildFile; fileRef = F826C4451907B2EA003FECE7 /* UIKit.framework */; };
		F826C4651907B2EA003FECE7 /* InfoPlist.strings in Resources */ = {isa = PBXBuildFile; fileRef = F826C4631907B2EA003FECE7 /* InfoPlist.strings */; };
		F826C4671907B2EA003FECE7 /* TestApplicationTests.m in Sources */ = {isa = PBXBuildFile; fileRef = F826C4661907B2EA003FECE7 /* TestApplicationTests.m */; };
		F8A10CBA1907D17D004B89FF /* TestClass.m in Sources */ = {isa = PBXBuildFile; fileRef = F8A10CB91907D17D004B89FF /* TestClass.m */; };
/* End PBXBuildFile section */

/* Begin PBXContainerItemProxy section */
		F826C45E1907B2EA003FECE7 /* PBXContainerItemProxy */ = {
			isa = PBXContainerItemProxy;
			containerPortal = F826C4361907B2EA003FECE7 /* Project object */;
			proxyType = 1;
			remoteGlobalIDString = F826C43D1907B2EA003FECE7;
			remoteInfo = TestApplication;
		};
/* End PBXContainerItemProxy section */

/* Begin PBXFileReference section */
		F826C43E1907B2EA003FECE7 /* TestApplication.app */ = {isa = PBXFileReference; explicitFileType = wrapper.application; includeInIndex = 0; path = TestApplication.app; sourceTree = BUILT_PRODUCTS_DIR; };
		F826C4411907B2EA003FECE7 /* Foundation.framework */ = {isa = PBXFileReference; lastKnownFileType = wrapper.framework; name = Foundation.framework; path = System/Library/Frameworks/Foundation.framework; sourceTree = SDKROOT; };
		F826C4431907B2EA003FECE7 /* CoreGraphics.framework */ = {isa = PBXFileReference; lastKnownFileType = wrapper.framework; name = CoreGraphics.framework; path = System/Library/Frameworks/CoreGraphics.framework; sourceTree = SDKROOT; };
		F826C4451907B2EA003FECE7 /* UIKit.framework */ = {isa = PBXFileReference; lastKnownFileType = wrapper.framework; name = UIKit.framework; path = System/Library/Frameworks/UIKit.framework; sourceTree = SDKROOT; };
		F826C4491907B2EA003FECE7 /* TestApplication-Info.plist */ = {isa = PBXFileReference; lastKnownFileType = text.plist.xml; path = "TestApplication-Info.plist"; sourceTree = "<group>"; };
		F826C44B1907B2EA003FECE7 /* en */ = {isa = PBXFileReference; lastKnownFileType = text.plist.strings; name = en; path = en.lproj/InfoPlist.strings; sourceTree = "<group>"; };
		F826C44D1907B2EA003FECE7 /* main.m */ = {isa = PBXFileReference; lastKnownFileType = sourcecode.c.objc; path = main.m; sourceTree = "<group>"; };
		F826C44F1907B2EA003FECE7 /* TestApplication-Prefix.pch */ = {isa = PBXFileReference; lastKnownFileType = sourcecode.c.h; path = "TestApplication-Prefix.pch"; sourceTree = "<group>"; };
		F826C4501907B2EA003FECE7 /* AppDelegate.h */ = {isa = PBXFileReference; lastKnownFileType = sourcecode.c.h; path = AppDelegate.h; sourceTree = "<group>"; };
		F826C4511907B2EA003FECE7 /* AppDelegate.m */ = {isa = PBXFileReference; lastKnownFileType = sourcecode.c.objc; path = AppDelegate.m; sourceTree = "<group>"; };
		F826C4531907B2EA003FECE7 /* Images.xcassets */ = {isa = PBXFileReference; lastKnownFileType = folder.assetcatalog; path = Images.xcassets; sourceTree = "<group>"; };
		F826C4591907B2EA003FECE7 /* TestApplicationTests.xctest */ = {isa = PBXFileReference; explicitFileType = wrapper.cfbundle; includeInIndex = 0; path = TestApplicationTests.xctest; sourceTree = BUILT_PRODUCTS_DIR; };
		F826C45A1907B2EA003FECE7 /* XCTest.framework */ = {isa = PBXFileReference; lastKnownFileType = wrapper.framework; name = XCTest.framework; path = Library/Frameworks/XCTest.framework; sourceTree = DEVELOPER_DIR; };
		F826C4621907B2EA003FECE7 /* TestApplicationTests-Info.plist */ = {isa = PBXFileReference; lastKnownFileType = text.plist.xml; path = "TestApplicationTests-Info.plist"; sourceTree = "<group>"; };
		F826C4641907B2EA003FECE7 /* en */ = {isa = PBXFileReference; lastKnownFileType = text.plist.strings; name = en; path = en.lproj/InfoPlist.strings; sourceTree = "<group>"; };
		F826C4661907B2EA003FECE7 /* TestApplicationTests.m */ = {isa = PBXFileReference; lastKnownFileType = sourcecode.c.objc; path = TestApplicationTests.m; sourceTree = "<group>"; };
		F8A10CB81907D17D004B89FF /* TestClass.h */ = {isa = PBXFileReference; fileEncoding = 4; lastKnownFileType = sourcecode.c.h; path = TestClass.h; sourceTree = "<group>"; };
		F8A10CB91907D17D004B89FF /* TestClass.m */ = {isa = PBXFileReference; fileEncoding = 4; lastKnownFileType = sourcecode.c.objc; path = TestClass.m; sourceTree = "<group>"; };
/* End PBXFileReference section */

/* Begin PBXFrameworksBuildPhase section */
		F826C43B1907B2EA003FECE7 /* Frameworks */ = {
			isa = PBXFrameworksBuildPhase;
			buildActionMask = 2147483647;
			files = (
				F826C4441907B2EA003FECE7 /* CoreGraphics.framework in Frameworks */,
				F826C4461907B2EA003FECE7 /* UIKit.framework in Frameworks */,
				F826C4421907B2EA003FECE7 /* Foundation.framework in Frameworks */,
			);
			runOnlyForDeploymentPostprocessing = 0;
		};
		F826C4561907B2EA003FECE7 /* Frameworks */ = {
			isa = PBXFrameworksBuildPhase;
			buildActionMask = 2147483647;
			files = (
				F826C45B1907B2EA003FECE7 /* XCTest.framework in Frameworks */,
				F826C45D1907B2EA003FECE7 /* UIKit.framework in Frameworks */,
				F826C45C1907B2EA003FECE7 /* Foundation.framework in Frameworks */,
			);
			runOnlyForDeploymentPostprocessing = 0;
		};
/* End PBXFrameworksBuildPhase section */

/* Begin PBXGroup section */
		F826C4351907B2EA003FECE7 = {
			isa = PBXGroup;
			children = (
				F826C4471907B2EA003FECE7 /* TestApplication */,
				F826C4601907B2EA003FECE7 /* TestApplicationTests */,
				F826C4401907B2EA003FECE7 /* Frameworks */,
				F826C43F1907B2EA003FECE7 /* Products */,
			);
			sourceTree = "<group>";
		};
		F826C43F1907B2EA003FECE7 /* Products */ = {
			isa = PBXGroup;
			children = (
				F826C43E1907B2EA003FECE7 /* TestApplication.app */,
				F826C4591907B2EA003FECE7 /* TestApplicationTests.xctest */,
			);
			name = Products;
			sourceTree = "<group>";
		};
		F826C4401907B2EA003FECE7 /* Frameworks */ = {
			isa = PBXGroup;
			children = (
				F826C4411907B2EA003FECE7 /* Foundation.framework */,
				F826C4431907B2EA003FECE7 /* CoreGraphics.framework */,
				F826C4451907B2EA003FECE7 /* UIKit.framework */,
				F826C45A1907B2EA003FECE7 /* XCTest.framework */,
			);
			name = Frameworks;
			sourceTree = "<group>";
		};
		F826C4471907B2EA003FECE7 /* TestApplication */ = {
			isa = PBXGroup;
			children = (
				F826C4501907B2EA003FECE7 /* AppDelegate.h */,
				F826C4511907B2EA003FECE7 /* AppDelegate.m */,
				F8A10CB81907D17D004B89FF /* TestClass.h */,
				F8A10CB91907D17D004B89FF /* TestClass.m */,
				F826C4531907B2EA003FECE7 /* Images.xcassets */,
				F826C4481907B2EA003FECE7 /* Supporting Files */,
			);
			path = TestApplication;
			sourceTree = "<group>";
		};
		F826C4481907B2EA003FECE7 /* Supporting Files */ = {
			isa = PBXGroup;
			children = (
				F826C4491907B2EA003FECE7 /* TestApplication-Info.plist */,
				F826C44A1907B2EA003FECE7 /* InfoPlist.strings */,
				F826C44D1907B2EA003FECE7 /* main.m */,
				F826C44F1907B2EA003FECE7 /* TestApplication-Prefix.pch */,
			);
			name = "Supporting Files";
			sourceTree = "<group>";
		};
		F826C4601907B2EA003FECE7 /* TestApplicationTests */ = {
			isa = PBXGroup;
			children = (
				F826C4661907B2EA003FECE7 /* TestApplicationTests.m */,
				F826C4611907B2EA003FECE7 /* Supporting Files */,
			);
			path = TestApplicationTests;
			sourceTree = "<group>";
		};
		F826C4611907B2EA003FECE7 /* Supporting Files */ = {
			isa = PBXGroup;
			children = (
				F826C4621907B2EA003FECE7 /* TestApplicationTests-Info.plist */,
				F826C4631907B2EA003FECE7 /* InfoPlist.strings */,
			);
			name = "Supporting Files";
			sourceTree = "<group>";
		};
/* End PBXGroup section */

/* Begin PBXNativeTarget section */
		F826C43D1907B2EA003FECE7 /* TestApplication */ = {
			isa = PBXNativeTarget;
			buildConfigurationList = F826C46A1907B2EA003FECE7 /* Build configuration list for PBXNativeTarget "TestApplication" */;
			buildPhases = (
				F826C43A1907B2EA003FECE7 /* Sources */,
				F826C43B1907B2EA003FECE7 /* Frameworks */,
				F826C43C1907B2EA003FECE7 /* Resources */,
			);
			buildRules = (
			);
			dependencies = (
			);
			name = TestApplication;
			productName = TestApplication;
			productReference = F826C43E1907B2EA003FECE7 /* TestApplication.app */;
			productType = "com.apple.product-type.application";
		};
		F826C4581907B2EA003FECE7 /* TestApplicationTests */ = {
			isa = PBXNativeTarget;
			buildConfigurationList = F826C46D1907B2EA003FECE7 /* Build configuration list for PBXNativeTarget "TestApplicationTests" */;
			buildPhases = (
				F826C4551907B2EA003FECE7 /* Sources */,
				F826C4561907B2EA003FECE7 /* Frameworks */,
				F826C4571907B2EA003FECE7 /* Resources */,
			);
			buildRules = (
			);
			dependencies = (
				F826C45F1907B2EA003FECE7 /* PBXTargetDependency */,
			);
			name = TestApplicationTests;
			productName = TestApplicationTests;
			productReference = F826C4591907B2EA003FECE7 /* TestApplicationTests.xctest */;
			productType = "com.apple.product-type.bundle.unit-test";
		};
/* End PBXNativeTarget section */

/* Begin PBXProject section */
		F826C4361907B2EA003FECE7 /* Project object */ = {
			isa = PBXProject;
			attributes = {
				LastUpgradeCheck = 0510;
				TargetAttributes = {
					F826C4581907B2EA003FECE7 = {
						TestTargetID = F826C43D1907B2EA003FECE7;
					};
				};
			};
			buildConfigurationList = F826C4391907B2EA003FECE7 /* Build configuration list for PBXProject "TestApplication" */;
			compatibilityVersion = "Xcode 3.2";
			developmentRegion = English;
			hasScannedForEncodings = 0;
			knownRegions = (
				en,
			);
			mainGroup = F826C4351907B2EA003FECE7;
			productRefGroup = F826C43F1907B2EA003FECE7 /* Products */;
			projectDirPath = "";
			projectRoot = "";
			targets = (
				F826C43D1907B2EA003FECE7 /* TestApplication */,
				F826C4581907B2EA003FECE7 /* TestApplicationTests */,
			);
		};
/* End PBXProject section */

/* Begin PBXResourcesBuildPhase section */
		F826C43C1907B2EA003FECE7 /* Resources */ = {
			isa = PBXResourcesBuildPhase;
			buildActionMask = 2147483647;
			files = (
				F826C44C1907B2EA003FECE7 /* InfoPlist.strings in Resources */,
				F826C4541907B2EA003FECE7 /* Images.xcassets in Resources */,
			);
			runOnlyForDeploymentPostprocessing = 0;
		};
		F826C4571907B2EA003FECE7 /* Resources */ = {
			isa = PBXResourcesBuildPhase;
			buildActionMask = 2147483647;
			files = (
				F826C4651907B2EA003FECE7 /* InfoPlist.strings in Resources */,
			);
			runOnlyForDeploymentPostprocessing = 0;
		};
/* End PBXResourcesBuildPhase section */

/* Begin PBXSourcesBuildPhase section */
		F826C43A1907B2EA003FECE7 /* Sources */ = {
			isa = PBXSourcesBuildPhase;
			buildActionMask = 2147483647;
			files = (
				F8A10CBA1907D17D004B89FF /* TestClass.m in Sources */,
				F826C4521907B2EA003FECE7 /* AppDelegate.m in Sources */,
				F826C44E1907B2EA003FECE7 /* main.m in Sources */,
			);
			runOnlyForDeploymentPostprocessing = 0;
		};
		F826C4551907B2EA003FECE7 /* Sources */ = {
			isa = PBXSourcesBuildPhase;
			buildActionMask = 2147483647;
			files = (
				F826C4671907B2EA003FECE7 /* TestApplicationTests.m in Sources */,
			);
			runOnlyForDeploymentPostprocessing = 0;
		};
/* End PBXSourcesBuildPhase section */

/* Begin PBXTargetDependency section */
		F826C45F1907B2EA003FECE7 /* PBXTargetDependency */ = {
			isa = PBXTargetDependency;
			target = F826C43D1907B2EA003FECE7 /* TestApplication */;
			targetProxy = F826C45E1907B2EA003FECE7 /* PBXContainerItemProxy */;
		};
/* End PBXTargetDependency section */

/* Begin PBXVariantGroup section */
		F826C44A1907B2EA003FECE7 /* InfoPlist.strings */ = {
			isa = PBXVariantGroup;
			children = (
				F826C44B1907B2EA003FECE7 /* en */,
			);
			name = InfoPlist.strings;
			sourceTree = "<group>";
		};
		F826C4631907B2EA003FECE7 /* InfoPlist.strings */ = {
			isa = PBXVariantGroup;
			children = (
				F826C4641907B2EA003FECE7 /* en */,
			);
			name = InfoPlist.strings;
			sourceTree = "<group>";
		};
/* End PBXVariantGroup section */

/* Begin XCBuildConfiguration section */
		F826C4681907B2EA003FECE7 /* Debug */ = {
			isa = XCBuildConfiguration;
			buildSettings = {
				ALWAYS_SEARCH_USER_PATHS = NO;
				CLANG_CXX_LANGUAGE_STANDARD = "gnu++0x";
				CLANG_CXX_LIBRARY = "libc++";
				CLANG_ENABLE_MODULES = YES;
				CLANG_ENABLE_OBJC_ARC = YES;
				CLANG_WARN_BOOL_CONVERSION = YES;
				CLANG_WARN_CONSTANT_CONVERSION = YES;
				CLANG_WARN_DIRECT_OBJC_ISA_USAGE = YES_ERROR;
				CLANG_WARN_EMPTY_BODY = YES;
				CLANG_WARN_ENUM_CONVERSION = YES;
				CLANG_WARN_INT_CONVERSION = YES;
				CLANG_WARN_OBJC_ROOT_CLASS = YES_ERROR;
				CLANG_WARN__DUPLICATE_METHOD_MATCH = YES;
				"CODE_SIGN_IDENTITY[sdk=iphoneos*]" = "iPhone Developer";
				COPY_PHASE_STRIP = NO;
				GCC_C_LANGUAGE_STANDARD = gnu99;
				GCC_DYNAMIC_NO_PIC = NO;
				GCC_OPTIMIZATION_LEVEL = 0;
				GCC_PREPROCESSOR_DEFINITIONS = (
					"DEBUG=1",
					"$(inherited)",
				);
				GCC_SYMBOLS_PRIVATE_EXTERN = NO;
				GCC_WARN_64_TO_32_BIT_CONVERSION = YES;
				GCC_WARN_ABOUT_RETURN_TYPE = YES_ERROR;
				GCC_WARN_UNDECLARED_SELECTOR = YES;
				GCC_WARN_UNINITIALIZED_AUTOS = YES_AGGRESSIVE;
				GCC_WARN_UNUSED_FUNCTION = YES;
				GCC_WARN_UNUSED_VARIABLE = YES;
				IPHONEOS_DEPLOYMENT_TARGET = 7.1;
				ONLY_ACTIVE_ARCH = YES;
				SDKROOT = iphoneos;
			};
			name = Debug;
		};
		F826C4691907B2EA003FECE7 /* Release */ = {
			isa = XCBuildConfiguration;
			buildSettings = {
				ALWAYS_SEARCH_USER_PATHS = NO;
				CLANG_CXX_LANGUAGE_STANDARD = "gnu++0x";
				CLANG_CXX_LIBRARY = "libc++";
				CLANG_ENABLE_MODULES = YES;
				CLANG_ENABLE_OBJC_ARC = YES;
				CLANG_WARN_BOOL_CONVERSION = YES;
				CLANG_WARN_CONSTANT_CONVERSION = YES;
				CLANG_WARN_DIRECT_OBJC_ISA_USAGE = YES_ERROR;
				CLANG_WARN_EMPTY_BODY = YES;
				CLANG_WARN_ENUM_CONVERSION = YES;
				CLANG_WARN_INT_CONVERSION = YES;
				CLANG_WARN_OBJC_ROOT_CLASS = YES_ERROR;
				CLANG_WARN__DUPLICATE_METHOD_MATCH = YES;
				"CODE_SIGN_IDENTITY[sdk=iphoneos*]" = "iPhone Developer";
				COPY_PHASE_STRIP = YES;
				ENABLE_NS_ASSERTIONS = NO;
				GCC_C_LANGUAGE_STANDARD = gnu99;
				GCC_WARN_64_TO_32_BIT_CONVERSION = YES;
				GCC_WARN_ABOUT_RETURN_TYPE = YES_ERROR;
				GCC_WARN_UNDECLARED_SELECTOR = YES;
				GCC_WARN_UNINITIALIZED_AUTOS = YES_AGGRESSIVE;
				GCC_WARN_UNUSED_FUNCTION = YES;
				GCC_WARN_UNUSED_VARIABLE = YES;
				IPHONEOS_DEPLOYMENT_TARGET = 7.1;
				SDKROOT = iphoneos;
				VALIDATE_PRODUCT = YES;
			};
			name = Release;
		};
		F826C46B1907B2EA003FECE7 /* Debug */ = {
			isa = XCBuildConfiguration;
			buildSettings = {
				ASSETCATALOG_COMPILER_APPICON_NAME = AppIcon;
				ASSETCATALOG_COMPILER_LAUNCHIMAGE_NAME = LaunchImage;
				GCC_PRECOMPILE_PREFIX_HEADER = YES;
				GCC_PREFIX_HEADER = "TestApplication/TestApplication-Prefix.pch";
				INFOPLIST_FILE = "TestApplication/TestApplication-Info.plist";
				PRODUCT_NAME = "$(TARGET_NAME)";
				WRAPPER_EXTENSION = app;
			};
			name = Debug;
		};
		F826C46C1907B2EA003FECE7 /* Release */ = {
			isa = XCBuildConfiguration;
			buildSettings = {
				ASSETCATALOG_COMPILER_APPICON_NAME = AppIcon;
				ASSETCATALOG_COMPILER_LAUNCHIMAGE_NAME = LaunchImage;
				GCC_PRECOMPILE_PREFIX_HEADER = YES;
				GCC_PREFIX_HEADER = "TestApplication/TestApplication-Prefix.pch";
				INFOPLIST_FILE = "TestApplication/TestApplication-Info.plist";
				PRODUCT_NAME = "$(TARGET_NAME)";
				WRAPPER_EXTENSION = app;
			};
			name = Release;
		};
		F826C46E1907B2EA003FECE7 /* Debug */ = {
			isa = XCBuildConfiguration;
			buildSettings = {
				BUNDLE_LOADER = "$(BUILT_PRODUCTS_DIR)/TestApplication.app/TestApplication";
				FRAMEWORK_SEARCH_PATHS = (
					"$(SDKROOT)/Developer/Library/Frameworks",
					"$(inherited)",
					"$(DEVELOPER_FRAMEWORKS_DIR)",
				);
				GCC_PRECOMPILE_PREFIX_HEADER = YES;
				GCC_PREFIX_HEADER = "TestApplication/TestApplication-Prefix.pch";
				GCC_PREPROCESSOR_DEFINITIONS = (
					"DEBUG=1",
					"$(inherited)",
				);
				INFOPLIST_FILE = "TestApplicationTests/TestApplicationTests-Info.plist";
				PRODUCT_NAME = "$(TARGET_NAME)";
				TEST_HOST = "$(BUNDLE_LOADER)";
				WRAPPER_EXTENSION = xctest;
			};
			name = Debug;
		};
		F826C46F1907B2EA003FECE7 /* Release */ = {
			isa = XCBuildConfiguration;
			buildSettings = {
				BUNDLE_LOADER = "$(BUILT_PRODUCTS_DIR)/TestApplication.app/TestApplication";
				FRAMEWORK_SEARCH_PATHS = (
					"$(SDKROOT)/Developer/Library/Frameworks",
					"$(inherited)",
					"$(DEVELOPER_FRAMEWORKS_DIR)",
				);
				GCC_PRECOMPILE_PREFIX_HEADER = YES;
				GCC_PREFIX_HEADER = "TestApplication/TestApplication-Prefix.pch";
				INFOPLIST_FILE = "TestApplicationTests/TestApplicationTests-Info.plist";
				PRODUCT_NAME = "$(TARGET_NAME)";
				TEST_HOST = "$(BUNDLE_LOADER)";
				WRAPPER_EXTENSION = xctest;
			};
			name = Release;
		};
/* End XCBuildConfiguration section */

/* Begin XCConfigurationList section */
		F826C4391907B2EA003FECE7 /* Build configuration list for PBXProject "TestApplication" */ = {
			isa = XCConfigurationList;
			buildConfigurations = (
				F826C4681907B2EA003FECE7 /* Debug */,
				F826C4691907B2EA003FECE7 /* Release */,
			);
			defaultConfigurationIsVisible = 0;
			defaultConfigurationName = Release;
		};
		F826C46A1907B2EA003FECE7 /* Build configuration list for PBXNativeTarget "TestApplication" */ = {
			isa = XCConfigurationList;
			buildConfigurations = (
				F826C46B1907B2EA003FECE7 /* Debug */,
				F826C46C1907B2EA003FECE7 /* Release */,
			);
			defaultConfigurationIsVisible = 0;
			defaultConfigurationName = Release;
		};
		F826C46D1907B2EA003FECE7 /* Build configuration list for PBXNativeTarget "TestApplicationTests" */ = {
			isa = XCConfigurationList;
			buildConfigurations = (
				F826C46E1907B2EA003FECE7 /* Debug */,
				F826C46F1907B2EA003FECE7 /* Release */,
			);
			defaultConfigurationIsVisible = 0;
			defaultConfigurationName = Release;
		};
/* End XCConfigurationList section */
	};
	rootObject = F826C4361907B2EA003FECE7 /* Project object */;
}
